
Microsoft Visual Studio Solution File, Format Version 12.00
# Visual Studio 15
VisualStudioVersion = 15.0.28307.438
MinimumVisualStudioVersion = 10.0.40219.1
Project("{FAE04EC0-301F-11D3-BF4B-00C04F79EFBC}") = "AbsentSystem", "AbsentSystem\AbsentSystem.csproj", "{BA5144BF-73A8-4EAC-80D8-947E13BF95B9}"
EndProject
Global
	GlobalSection(SolutionConfigurationPlatforms) = preSolution
		Debug|Any CPU = Debug|Any CPU
		Release|Any CPU = Release|Any CPU
	EndGlobalSection
	GlobalSection(ProjectConfigurationPlatforms) = postSolution
		{BA5144BF-73A8-4EAC-80D8-947E13BF95B9}.Debug|Any CPU.ActiveCfg = Debug|Any CPU
		{BA5144BF-73A8-4EAC-80D8-947E13BF95B9}.Debug|Any CPU.Build.0 = Debug|Any CPU
		{BA5144BF-73A8-4EAC-80D8-947E13BF95B9}.Release|Any CPU.ActiveCfg = Release|Any CPU
		{BA5144BF-73A8-4EAC-80D8-947E13BF95B9}.Release|Any CPU.Build.0 = Release|Any CPU
	EndGlobalSection
	GlobalSection(SolutionProperties) = preSolution
		HideSolutionNode = FALSE
	EndGlobalSection
	GlobalSection(ExtensibilityGlobals) = postSolution
		SolutionGuid = {011BDA11-4AFD-4B39-97D9-AC22A2561706}
	EndGlobalSection
EndGlobal
